
Microsoft Visual Studio Solution File, Format Version 12.00
# Visual Studio Version 17
VisualStudioVersion = 17.8.34511.84
MinimumVisualStudioVersion = 10.0.40219.1
Project("{FAE04EC0-301F-11D3-BF4B-00C04F79EFBC}") = "PrjFunNowWeb", "PrjFunNowWeb.csproj", "{4BCDFF3A-5AAA-4103-A713-C2B354D5F725}"
EndProject
Global
	GlobalSection(SolutionConfigurationPlatforms) = preSolution
		Debug|Any CPU = Debug|Any CPU
		Release|Any CPU = Release|Any CPU
	EndGlobalSection
	GlobalSection(ProjectConfigurationPlatforms) = postSolution
		{4BCDFF3A-5AAA-4103-A713-C2B354D5F725}.Debug|Any CPU.ActiveCfg = Debug|Any CPU
		{4BCDFF3A-5AAA-4103-A713-C2B354D5F725}.Debug|Any CPU.Build.0 = Debug|Any CPU
		{4BCDFF3A-5AAA-4103-A713-C2B354D5F725}.Release|Any CPU.ActiveCfg = Release|Any CPU
		{4BCDFF3A-5AAA-4103-A713-C2B354D5F725}.Release|Any CPU.Build.0 = Release|Any CPU
	EndGlobalSection
	GlobalSection(SolutionProperties) = preSolution
		HideSolutionNode = FALSE
	EndGlobalSection
	GlobalSection(ExtensibilityGlobals) = postSolution
		SolutionGuid = {261F1114-4BDB-484A-8C37-44F80515A6CA}
	EndGlobalSection
EndGlobal
